
Microsoft Visual Studio Solution File, Format Version 12.00
# Visual Studio Version 17
VisualStudioVersion = 17.14.36705.20 d17.14
MinimumVisualStudioVersion = 10.0.40219.1
Project("{FAE04EC0-301F-11D3-BF4B-00C04F79EFBC}") = "matrix", "matrix\matrix.csproj", "{E82867E7-44BD-4F4F-9D48-6E3E4E99CFBC}"
EndProject
Global
	GlobalSection(SolutionConfigurationPlatforms) = preSolution
		Debug|Any CPU = Debug|Any CPU
		Release|Any CPU = Release|Any CPU
	EndGlobalSection
	GlobalSection(ProjectConfigurationPlatforms) = postSolution
		{E82867E7-44BD-4F4F-9D48-6E3E4E99CFBC}.Debug|Any CPU.ActiveCfg = Debug|Any CPU
		{E82867E7-44BD-4F4F-9D48-6E3E4E99CFBC}.Debug|Any CPU.Build.0 = Debug|Any CPU
		{E82867E7-44BD-4F4F-9D48-6E3E4E99CFBC}.Release|Any CPU.ActiveCfg = Release|Any CPU
		{E82867E7-44BD-4F4F-9D48-6E3E4E99CFBC}.Release|Any CPU.Build.0 = Release|Any CPU
	EndGlobalSection
	GlobalSection(SolutionProperties) = preSolution
		HideSolutionNode = FALSE
	EndGlobalSection
	GlobalSection(ExtensibilityGlobals) = postSolution
		SolutionGuid = {DC13230A-D7AC-4A84-95D4-58126E28A2D3}
	EndGlobalSection
EndGlobal
