
Microsoft Visual Studio Solution File, Format Version 12.00
# Visual Studio Version 17
VisualStudioVersion = 17.13.35818.85 d17.13
MinimumVisualStudioVersion = 10.0.40219.1
Project("{FAE04EC0-301F-11D3-BF4B-00C04F79EFBC}") = "WindowsFormsClassWork", "WindowsFormsClassWork\WindowsFormsClassWork.csproj", "{48F6A6AC-2064-4CE7-891C-E2F24F40095C}"
EndProject
Global
	GlobalSection(SolutionConfigurationPlatforms) = preSolution
		Debug|Any CPU = Debug|Any CPU
		Release|Any CPU = Release|Any CPU
	EndGlobalSection
	GlobalSection(ProjectConfigurationPlatforms) = postSolution
		{48F6A6AC-2064-4CE7-891C-E2F24F40095C}.Debug|Any CPU.ActiveCfg = Debug|Any CPU
		{48F6A6AC-2064-4CE7-891C-E2F24F40095C}.Debug|Any CPU.Build.0 = Debug|Any CPU
		{48F6A6AC-2064-4CE7-891C-E2F24F40095C}.Release|Any CPU.ActiveCfg = Release|Any CPU
		{48F6A6AC-2064-4CE7-891C-E2F24F40095C}.Release|Any CPU.Build.0 = Release|Any CPU
	EndGlobalSection
	GlobalSection(SolutionProperties) = preSolution
		HideSolutionNode = FALSE
	EndGlobalSection
	GlobalSection(ExtensibilityGlobals) = postSolution
		SolutionGuid = {CD8D1D08-B6BF-4EB8-A045-E4219A0AB22F}
	EndGlobalSection
EndGlobal
