
Microsoft Visual Studio Solution File, Format Version 12.00
# Visual Studio Version 17
VisualStudioVersion = 17.13.35913.81 d17.13
MinimumVisualStudioVersion = 10.0.40219.1
Project("{FAE04EC0-301F-11D3-BF4B-00C04F79EFBC}") = "ModelViewWinForm", "WinForms\ModelViewWinForm.csproj", "{6DD8B1F5-8F40-44CC-B0C6-614D3521F380}"
EndProject
Project("{FAE04EC0-301F-11D3-BF4B-00C04F79EFBC}") = "ModelViewLib", "ModelViewLib\ModelViewLib.csproj", "{FDAF7B6E-B447-426F-8BA9-61D58D0CCAF0}"
EndProject
Global
	GlobalSection(SolutionConfigurationPlatforms) = preSolution
		Debug|Any CPU = Debug|Any CPU
		Release|Any CPU = Release|Any CPU
	EndGlobalSection
	GlobalSection(ProjectConfigurationPlatforms) = postSolution
		{6DD8B1F5-8F40-44CC-B0C6-614D3521F380}.Debug|Any CPU.ActiveCfg = Debug|Any CPU
		{6DD8B1F5-8F40-44CC-B0C6-614D3521F380}.Debug|Any CPU.Build.0 = Debug|Any CPU
		{6DD8B1F5-8F40-44CC-B0C6-614D3521F380}.Release|Any CPU.ActiveCfg = Release|Any CPU
		{6DD8B1F5-8F40-44CC-B0C6-614D3521F380}.Release|Any CPU.Build.0 = Release|Any CPU
		{FDAF7B6E-B447-426F-8BA9-61D58D0CCAF0}.Debug|Any CPU.ActiveCfg = Debug|Any CPU
		{FDAF7B6E-B447-426F-8BA9-61D58D0CCAF0}.Debug|Any CPU.Build.0 = Debug|Any CPU
		{FDAF7B6E-B447-426F-8BA9-61D58D0CCAF0}.Release|Any CPU.ActiveCfg = Release|Any CPU
		{FDAF7B6E-B447-426F-8BA9-61D58D0CCAF0}.Release|Any CPU.Build.0 = Release|Any CPU
	EndGlobalSection
	GlobalSection(SolutionProperties) = preSolution
		HideSolutionNode = FALSE
	EndGlobalSection
	GlobalSection(ExtensibilityGlobals) = postSolution
		SolutionGuid = {D8467953-6B08-4CE6-ACD4-0496E26D0B0F}
	EndGlobalSection
EndGlobal
