
Microsoft Visual Studio Solution File, Format Version 12.00
# Visual Studio Version 17
VisualStudioVersion = 17.13.35818.85 d17.13
MinimumVisualStudioVersion = 10.0.40219.1
Project("{FAE04EC0-301F-11D3-BF4B-00C04F79EFBC}") = "zachet", "zachet.csproj", "{FF850FFA-290B-465B-A608-EE570ADF173E}"
EndProject
Project("{FAE04EC0-301F-11D3-BF4B-00C04F79EFBC}") = "ZachetLib", "..\ZachetLib\ZachetLib.csproj", "{B2FDE5A0-4F00-4A77-9A3F-A92FD45125FD}"
EndProject
Global
	GlobalSection(SolutionConfigurationPlatforms) = preSolution
		Debug|Any CPU = Debug|Any CPU
		Release|Any CPU = Release|Any CPU
	EndGlobalSection
	GlobalSection(ProjectConfigurationPlatforms) = postSolution
		{FF850FFA-290B-465B-A608-EE570ADF173E}.Debug|Any CPU.ActiveCfg = Debug|Any CPU
		{FF850FFA-290B-465B-A608-EE570ADF173E}.Debug|Any CPU.Build.0 = Debug|Any CPU
		{FF850FFA-290B-465B-A608-EE570ADF173E}.Release|Any CPU.ActiveCfg = Release|Any CPU
		{FF850FFA-290B-465B-A608-EE570ADF173E}.Release|Any CPU.Build.0 = Release|Any CPU
		{B2FDE5A0-4F00-4A77-9A3F-A92FD45125FD}.Debug|Any CPU.ActiveCfg = Debug|Any CPU
		{B2FDE5A0-4F00-4A77-9A3F-A92FD45125FD}.Debug|Any CPU.Build.0 = Debug|Any CPU
		{B2FDE5A0-4F00-4A77-9A3F-A92FD45125FD}.Release|Any CPU.ActiveCfg = Release|Any CPU
		{B2FDE5A0-4F00-4A77-9A3F-A92FD45125FD}.Release|Any CPU.Build.0 = Release|Any CPU
	EndGlobalSection
	GlobalSection(SolutionProperties) = preSolution
		HideSolutionNode = FALSE
	EndGlobalSection
	GlobalSection(ExtensibilityGlobals) = postSolution
		SolutionGuid = {0D06CBF9-BC33-4A62-9779-DB2156983FB2}
	EndGlobalSection
EndGlobal
